
Microsoft Visual Studio Solution File, Format Version 12.00
# Visual Studio Version 16
VisualStudioVersion = 16.0.30128.74
MinimumVisualStudioVersion = 10.0.40219.1
Project("{FAE04EC0-301F-11D3-BF4B-00C04F79EFBC}") = "WhackAMole", "WhackAMole\WhackAMole.csproj", "{8175EBB8-8241-4E84-9034-3ADEFE91FEE9}"
EndProject
Global
	GlobalSection(SolutionConfigurationPlatforms) = preSolution
		Debug|Any CPU = Debug|Any CPU
		Release|Any CPU = Release|Any CPU
	EndGlobalSection
	GlobalSection(ProjectConfigurationPlatforms) = postSolution
		{8175EBB8-8241-4E84-9034-3ADEFE91FEE9}.Debug|Any CPU.ActiveCfg = Debug|Any CPU
		{8175EBB8-8241-4E84-9034-3ADEFE91FEE9}.Debug|Any CPU.Build.0 = Debug|Any CPU
		{8175EBB8-8241-4E84-9034-3ADEFE91FEE9}.Release|Any CPU.ActiveCfg = Release|Any CPU
		{8175EBB8-8241-4E84-9034-3ADEFE91FEE9}.Release|Any CPU.Build.0 = Release|Any CPU
	EndGlobalSection
	GlobalSection(SolutionProperties) = preSolution
		HideSolutionNode = FALSE
	EndGlobalSection
	GlobalSection(ExtensibilityGlobals) = postSolution
		SolutionGuid = {ED006362-A4B9-4037-B040-21035134D67B}
	EndGlobalSection
EndGlobal
